
Microsoft Visual Studio Solution File, Format Version 12.00
# Visual Studio 15
VisualStudioVersion = 15.0.27703.2018
MinimumVisualStudioVersion = 10.0.40219.1
Project("{FAE04EC0-301F-11D3-BF4B-00C04F79EFBC}") = "BlockchainCertificates", "BlockchainCertificates\BlockchainCertificates.csproj", "{E1619F9D-74B3-484C-B9E3-533C1F411DC7}"
EndProject
Global
	GlobalSection(SolutionConfigurationPlatforms) = preSolution
		Debug|Any CPU = Debug|Any CPU
		Release|Any CPU = Release|Any CPU
	EndGlobalSection
	GlobalSection(ProjectConfigurationPlatforms) = postSolution
		{E1619F9D-74B3-484C-B9E3-533C1F411DC7}.Debug|Any CPU.ActiveCfg = Debug|Any CPU
		{E1619F9D-74B3-484C-B9E3-533C1F411DC7}.Debug|Any CPU.Build.0 = Debug|Any CPU
		{E1619F9D-74B3-484C-B9E3-533C1F411DC7}.Release|Any CPU.ActiveCfg = Release|Any CPU
		{E1619F9D-74B3-484C-B9E3-533C1F411DC7}.Release|Any CPU.Build.0 = Release|Any CPU
	EndGlobalSection
	GlobalSection(SolutionProperties) = preSolution
		HideSolutionNode = FALSE
	EndGlobalSection
	GlobalSection(ExtensibilityGlobals) = postSolution
		SolutionGuid = {3CEA5B29-F66F-46B9-96D4-326C7A75059B}
	EndGlobalSection
EndGlobal
